
Microsoft Visual Studio Solution File, Format Version 12.00
# Visual Studio Version 17
VisualStudioVersion = 17.7.34202.233
MinimumVisualStudioVersion = 10.0.40219.1
Project("{2150E333-8FDC-42A3-9474-1A3956D46DE8}") = "Common", "Common", "{FDF68279-CA52-4248-BF80-F2FD4A868F78}"
EndProject
Project("{9A19103F-16F7-4668-BE54-9A1E7A4F7556}") = "BackEnd.Common.Core", "BackEnd.Common.Core\BackEnd.Common.Core.csproj", "{1FB2E038-4116-4E97-9155-87BEBE1EC6B7}"
EndProject
Project("{9A19103F-16F7-4668-BE54-9A1E7A4F7556}") = "BackEnd.Common.AspNetCore", "BackEnd.Common.AspNetCore\BackEnd.Common.AspNetCore.csproj", "{DAE442B9-148B-43B0-993F-5DDD043EE56A}"
EndProject
Project("{9A19103F-16F7-4668-BE54-9A1E7A4F7556}") = "BackEnd.Services.Core.Api", "BackEnd.Services.Core.Api\BackEnd.Services.Core.Api.csproj", "{D4DA03DE-2AE4-49A1-A582-B350AB8AF00F}"
EndProject
Global
	GlobalSection(SolutionConfigurationPlatforms) = preSolution
		Debug|Any CPU = Debug|Any CPU
		Release|Any CPU = Release|Any CPU
	EndGlobalSection
	GlobalSection(ProjectConfigurationPlatforms) = postSolution
		{1FB2E038-4116-4E97-9155-87BEBE1EC6B7}.Debug|Any CPU.ActiveCfg = Debug|Any CPU
		{1FB2E038-4116-4E97-9155-87BEBE1EC6B7}.Debug|Any CPU.Build.0 = Debug|Any CPU
		{1FB2E038-4116-4E97-9155-87BEBE1EC6B7}.Release|Any CPU.ActiveCfg = Release|Any CPU
		{1FB2E038-4116-4E97-9155-87BEBE1EC6B7}.Release|Any CPU.Build.0 = Release|Any CPU
		{DAE442B9-148B-43B0-993F-5DDD043EE56A}.Debug|Any CPU.ActiveCfg = Debug|Any CPU
		{DAE442B9-148B-43B0-993F-5DDD043EE56A}.Debug|Any CPU.Build.0 = Debug|Any CPU
		{DAE442B9-148B-43B0-993F-5DDD043EE56A}.Release|Any CPU.ActiveCfg = Release|Any CPU
		{DAE442B9-148B-43B0-993F-5DDD043EE56A}.Release|Any CPU.Build.0 = Release|Any CPU
		{D4DA03DE-2AE4-49A1-A582-B350AB8AF00F}.Debug|Any CPU.ActiveCfg = Debug|Any CPU
		{D4DA03DE-2AE4-49A1-A582-B350AB8AF00F}.Debug|Any CPU.Build.0 = Debug|Any CPU
		{D4DA03DE-2AE4-49A1-A582-B350AB8AF00F}.Release|Any CPU.ActiveCfg = Release|Any CPU
		{D4DA03DE-2AE4-49A1-A582-B350AB8AF00F}.Release|Any CPU.Build.0 = Release|Any CPU
	EndGlobalSection
	GlobalSection(SolutionProperties) = preSolution
		HideSolutionNode = FALSE
	EndGlobalSection
	GlobalSection(NestedProjects) = preSolution
		{1FB2E038-4116-4E97-9155-87BEBE1EC6B7} = {FDF68279-CA52-4248-BF80-F2FD4A868F78}
		{DAE442B9-148B-43B0-993F-5DDD043EE56A} = {FDF68279-CA52-4248-BF80-F2FD4A868F78}
	EndGlobalSection
	GlobalSection(ExtensibilityGlobals) = postSolution
		SolutionGuid = {7440DC42-C6AF-4D77-B523-B1D84B0CC333}
	EndGlobalSection
EndGlobal
